// !$*UTF8*$!
{
	archiveVersion = 1;
	classes = {
	};
	objectVersion = 46;
	objects = {

/* Begin PBXBuildFile section */
		C93163331381DEEA0021FBF6 /* UIKit.framework in Frameworks */ = {isa = PBXBuildFile; fileRef = C93163321381DEEA0021FBF6 /* UIKit.framework */; };
		C93163351381DEEA0021FBF6 /* Foundation.framework in Frameworks */ = {isa = PBXBuildFile; fileRef = C93163341381DEEA0021FBF6 /* Foundation.framework */; };
		C93163371381DEEA0021FBF6 /* CoreGraphics.framework in Frameworks */ = {isa = PBXBuildFile; fileRef = C93163361381DEEA0021FBF6 /* CoreGraphics.framework */; };
		C95ED8B617D4F645007EF4E1 /* Base@2x.png in Resources */ = {isa = PBXBuildFile; fileRef = C95ED8B317D4F644007EF4E1 /* Base@2x.png */; };
		C95ED8B717D4F645007EF4E1 /* Icon@2x.png in Resources */ = {isa = PBXBuildFile; fileRef = C95ED8B417D4F644007EF4E1 /* Icon@2x.png */; };
		C95ED8B817D4F645007EF4E1 /* Turbine@2x.png in Resources */ = {isa = PBXBuildFile; fileRef = C95ED8B517D4F645007EF4E1 /* Turbine@2x.png */; };
		C95ED8BA17D51905007EF4E1 /* Images.xcassets in Resources */ = {isa = PBXBuildFile; fileRef = C95ED8B917D51905007EF4E1 /* Images.xcassets */; };
		C96C51D81388299A00784187 /* TurbineAppDelegate.m in Sources */ = {isa = PBXBuildFile; fileRef = C96C51D31388299A00784187 /* TurbineAppDelegate.m */; };
		C96C51D91388299A00784187 /* TurbineScene.m in Sources */ = {isa = PBXBuildFile; fileRef = C96C51D51388299A00784187 /* TurbineScene.m */; };
		C96C51DA1388299A00784187 /* TurbineViewController.m in Sources */ = {isa = PBXBuildFile; fileRef = C96C51D71388299A00784187 /* TurbineViewController.m */; };
		C96C51E1138829A300784187 /* InfoPlist.strings in Resources */ = {isa = PBXBuildFile; fileRef = C96C51DC138829A300784187 /* InfoPlist.strings */; };
		C96C51E2138829A300784187 /* Sky.jpg in Resources */ = {isa = PBXBuildFile; fileRef = C96C51DE138829A300784187 /* Sky.jpg */; };
		C96C51E8138829A800784187 /* main.m in Sources */ = {isa = PBXBuildFile; fileRef = C96C51E6138829A800784187 /* main.m */; };
		C98ED40C1395B88E009CF8A1 /* Base.png in Resources */ = {isa = PBXBuildFile; fileRef = C98ED40B1395B88E009CF8A1 /* Base.png */; };
		C98ED40F1395C38A009CF8A1 /* Turbine.png in Resources */ = {isa = PBXBuildFile; fileRef = C98ED40E1395C38A009CF8A1 /* Turbine.png */; };
		C9A7325F139732F800335D2B /* Icon.png in Resources */ = {isa = PBXBuildFile; fileRef = C9A7325E139732F800335D2B /* Icon.png */; };
		C9BF664613A7F9A6005BB89B /* MicMonitor.m in Sources */ = {isa = PBXBuildFile; fileRef = C9BF664513A7F9A6005BB89B /* MicMonitor.m */; };
		C9BF664913A7FC09005BB89B /* MicMonitorAV.m in Sources */ = {isa = PBXBuildFile; fileRef = C9BF664813A7FC09005BB89B /* MicMonitorAV.m */; };
		C9BF664B13A8047D005BB89B /* AVFoundation.framework in Frameworks */ = {isa = PBXBuildFile; fileRef = C9BF664A13A8047D005BB89B /* AVFoundation.framework */; };
		C9DBB7451846DB3C007C9F31 /* SpriteKit.framework in Frameworks */ = {isa = PBXBuildFile; fileRef = C9DBB7441846DB3C007C9F31 /* SpriteKit.framework */; };
		C9EE43A9139130E900BD0897 /* MicMonitorAU.m in Sources */ = {isa = PBXBuildFile; fileRef = C9EE43A8139130E900BD0897 /* MicMonitorAU.m */; };
		C9EE43AD1391313200BD0897 /* AudioToolbox.framework in Frameworks */ = {isa = PBXBuildFile; fileRef = C9EE43AB1391313200BD0897 /* AudioToolbox.framework */; };
		C9FB4D961384755F000519F8 /* QuartzCore.framework in Frameworks */ = {isa = PBXBuildFile; fileRef = C9FB4D951384755F000519F8 /* QuartzCore.framework */; };
/* End PBXBuildFile section */

/* Begin PBXFileReference section */
		C931632E1381DEEA0021FBF6 /* Turbine.app */ = {isa = PBXFileReference; explicitFileType = wrapper.application; includeInIndex = 0; path = Turbine.app; sourceTree = BUILT_PRODUCTS_DIR; };
		C93163321381DEEA0021FBF6 /* UIKit.framework */ = {isa = PBXFileReference; lastKnownFileType = wrapper.framework; name = UIKit.framework; path = System/Library/Frameworks/UIKit.framework; sourceTree = SDKROOT; };
		C93163341381DEEA0021FBF6 /* Foundation.framework */ = {isa = PBXFileReference; lastKnownFileType = wrapper.framework; name = Foundation.framework; path = System/Library/Frameworks/Foundation.framework; sourceTree = SDKROOT; };
		C93163361381DEEA0021FBF6 /* CoreGraphics.framework */ = {isa = PBXFileReference; lastKnownFileType = wrapper.framework; name = CoreGraphics.framework; path = System/Library/Frameworks/CoreGraphics.framework; sourceTree = SDKROOT; };
		C95ED8B317D4F644007EF4E1 /* Base@2x.png */ = {isa = PBXFileReference; lastKnownFileType = image.png; path = "Base@2x.png"; sourceTree = "<group>"; };
		C95ED8B417D4F644007EF4E1 /* Icon@2x.png */ = {isa = PBXFileReference; lastKnownFileType = image.png; path = "Icon@2x.png"; sourceTree = "<group>"; };
		C95ED8B517D4F645007EF4E1 /* Turbine@2x.png */ = {isa = PBXFileReference; lastKnownFileType = image.png; path = "Turbine@2x.png"; sourceTree = "<group>"; };
		C95ED8B917D51905007EF4E1 /* Images.xcassets */ = {isa = PBXFileReference; lastKnownFileType = folder.assetcatalog; name = Images.xcassets; path = Turbine/Images.xcassets; sourceTree = SOURCE_ROOT; };
		C96C51D21388299A00784187 /* TurbineAppDelegate.h */ = {isa = PBXFileReference; fileEncoding = 4; lastKnownFileType = sourcecode.c.h; path = TurbineAppDelegate.h; sourceTree = "<group>"; };
		C96C51D31388299A00784187 /* TurbineAppDelegate.m */ = {isa = PBXFileReference; fileEncoding = 4; lastKnownFileType = sourcecode.c.objc; path = TurbineAppDelegate.m; sourceTree = "<group>"; };
		C96C51D41388299A00784187 /* TurbineScene.h */ = {isa = PBXFileReference; fileEncoding = 4; lastKnownFileType = sourcecode.c.h; path = TurbineScene.h; sourceTree = "<group>"; };
		C96C51D51388299A00784187 /* TurbineScene.m */ = {isa = PBXFileReference; fileEncoding = 4; lastKnownFileType = sourcecode.c.objc; path = TurbineScene.m; sourceTree = "<group>"; };
		C96C51D61388299A00784187 /* TurbineViewController.h */ = {isa = PBXFileReference; fileEncoding = 4; lastKnownFileType = sourcecode.c.h; path = TurbineViewController.h; sourceTree = "<group>"; };
		C96C51D71388299A00784187 /* TurbineViewController.m */ = {isa = PBXFileReference; fileEncoding = 4; lastKnownFileType = sourcecode.c.objc; path = TurbineViewController.m; sourceTree = "<group>"; };
		C96C51DD138829A300784187 /* en */ = {isa = PBXFileReference; lastKnownFileType = text.plist.strings; name = en; path = en.lproj/InfoPlist.strings; sourceTree = "<group>"; };
		C96C51DE138829A300784187 /* Sky.jpg */ = {isa = PBXFileReference; lastKnownFileType = image.jpeg; path = Sky.jpg; sourceTree = "<group>"; };
		C96C51DF138829A300784187 /* Turbine-Info.plist */ = {isa = PBXFileReference; fileEncoding = 4; lastKnownFileType = text.plist.xml; path = "Turbine-Info.plist"; sourceTree = "<group>"; };
		C96C51E6138829A800784187 /* main.m */ = {isa = PBXFileReference; fileEncoding = 4; lastKnownFileType = sourcecode.c.objc; path = main.m; sourceTree = "<group>"; };
		C96C51E7138829A800784187 /* Turbine-Prefix.pch */ = {isa = PBXFileReference; fileEncoding = 4; lastKnownFileType = sourcecode.c.h; path = "Turbine-Prefix.pch"; sourceTree = "<group>"; };
		C96F3D381385D33F00BA7A01 /* OpenGLES.framework */ = {isa = PBXFileReference; lastKnownFileType = wrapper.framework; name = OpenGLES.framework; path = System/Library/Frameworks/OpenGLES.framework; sourceTree = SDKROOT; };
		C98ED40B1395B88E009CF8A1 /* Base.png */ = {isa = PBXFileReference; lastKnownFileType = image.png; path = Base.png; sourceTree = "<group>"; };
		C98ED40E1395C38A009CF8A1 /* Turbine.png */ = {isa = PBXFileReference; lastKnownFileType = image.png; path = Turbine.png; sourceTree = "<group>"; };
		C9A7325E139732F800335D2B /* Icon.png */ = {isa = PBXFileReference; lastKnownFileType = image.png; path = Icon.png; sourceTree = "<group>"; };
		C9BF664413A7F9A6005BB89B /* MicMonitor.h */ = {isa = PBXFileReference; fileEncoding = 4; lastKnownFileType = sourcecode.c.h; path = MicMonitor.h; sourceTree = "<group>"; };
		C9BF664513A7F9A6005BB89B /* MicMonitor.m */ = {isa = PBXFileReference; fileEncoding = 4; lastKnownFileType = sourcecode.c.objc; path = MicMonitor.m; sourceTree = "<group>"; };
		C9BF664713A7FC09005BB89B /* MicMonitorAV.h */ = {isa = PBXFileReference; fileEncoding = 4; lastKnownFileType = sourcecode.c.h; path = MicMonitorAV.h; sourceTree = "<group>"; };
		C9BF664813A7FC09005BB89B /* MicMonitorAV.m */ = {isa = PBXFileReference; fileEncoding = 4; lastKnownFileType = sourcecode.c.objc; path = MicMonitorAV.m; sourceTree = "<group>"; };
		C9BF664A13A8047D005BB89B /* AVFoundation.framework */ = {isa = PBXFileReference; lastKnownFileType = wrapper.framework; name = AVFoundation.framework; path = System/Library/Frameworks/AVFoundation.framework; sourceTree = SDKROOT; };
		C9DBB7441846DB3C007C9F31 /* SpriteKit.framework */ = {isa = PBXFileReference; lastKnownFileType = wrapper.framework; name = SpriteKit.framework; path = System/Library/Frameworks/SpriteKit.framework; sourceTree = SDKROOT; };
		C9EE43A7139130E900BD0897 /* MicMonitorAU.h */ = {isa = PBXFileReference; fileEncoding = 4; lastKnownFileType = sourcecode.c.h; path = MicMonitorAU.h; sourceTree = "<group>"; };
		C9EE43A8139130E900BD0897 /* MicMonitorAU.m */ = {isa = PBXFileReference; fileEncoding = 4; lastKnownFileType = sourcecode.c.objc; path = MicMonitorAU.m; sourceTree = "<group>"; };
		C9EE43AB1391313200BD0897 /* AudioToolbox.framework */ = {isa = PBXFileReference; lastKnownFileType = wrapper.framework; name = AudioToolbox.framework; path = System/Library/Frameworks/AudioToolbox.framework; sourceTree = SDKROOT; };
		C9FB4D951384755F000519F8 /* QuartzCore.framework */ = {isa = PBXFileReference; lastKnownFileType = wrapper.framework; name = QuartzCore.framework; path = System/Library/Frameworks/QuartzCore.framework; sourceTree = SDKROOT; };
/* End PBXFileReference section */

/* Begin PBXFrameworksBuildPhase section */
		C931632B1381DEEA0021FBF6 /* Frameworks */ = {
			isa = PBXFrameworksBuildPhase;
			buildActionMask = 2147483647;
			files = (
				C9EE43AD1391313200BD0897 /* AudioToolbox.framework in Frameworks */,
				C9BF664B13A8047D005BB89B /* AVFoundation.framework in Frameworks */,
				C93163371381DEEA0021FBF6 /* CoreGraphics.framework in Frameworks */,
				C93163351381DEEA0021FBF6 /* Foundation.framework in Frameworks */,
				C9FB4D961384755F000519F8 /* QuartzCore.framework in Frameworks */,
				C9DBB7451846DB3C007C9F31 /* SpriteKit.framework in Frameworks */,
				C93163331381DEEA0021FBF6 /* UIKit.framework in Frameworks */,
			);
			runOnlyForDeploymentPostprocessing = 0;
		};
/* End PBXFrameworksBuildPhase section */

/* Begin PBXGroup section */
		C93163231381DEEA0021FBF6 = {
			isa = PBXGroup;
			children = (
				C96C51D11388299A00784187 /* Classes */,
				C96C51E5138829A800784187 /* Support */,
				C96C51DB138829A300784187 /* Resources */,
				C93163311381DEEA0021FBF6 /* Frameworks */,
				C931632F1381DEEA0021FBF6 /* Products */,
			);
			sourceTree = "<group>";
		};
		C931632F1381DEEA0021FBF6 /* Products */ = {
			isa = PBXGroup;
			children = (
				C931632E1381DEEA0021FBF6 /* Turbine.app */,
			);
			name = Products;
			sourceTree = "<group>";
		};
		C93163311381DEEA0021FBF6 /* Frameworks */ = {
			isa = PBXGroup;
			children = (
				C9DBB7441846DB3C007C9F31 /* SpriteKit.framework */,
				C9EE43AB1391313200BD0897 /* AudioToolbox.framework */,
				C9BF664A13A8047D005BB89B /* AVFoundation.framework */,
				C93163361381DEEA0021FBF6 /* CoreGraphics.framework */,
				C93163341381DEEA0021FBF6 /* Foundation.framework */,
				C96F3D381385D33F00BA7A01 /* OpenGLES.framework */,
				C9FB4D951384755F000519F8 /* QuartzCore.framework */,
				C93163321381DEEA0021FBF6 /* UIKit.framework */,
			);
			name = Frameworks;
			sourceTree = "<group>";
		};
		C96C51D11388299A00784187 /* Classes */ = {
			isa = PBXGroup;
			children = (
				C9DBB7461846E6BB007C9F31 /* Mic */,
				C96C51D21388299A00784187 /* TurbineAppDelegate.h */,
				C96C51D31388299A00784187 /* TurbineAppDelegate.m */,
				C96C51D41388299A00784187 /* TurbineScene.h */,
				C96C51D51388299A00784187 /* TurbineScene.m */,
				C96C51D61388299A00784187 /* TurbineViewController.h */,
				C96C51D71388299A00784187 /* TurbineViewController.m */,
			);
			path = Classes;
			sourceTree = "<group>";
		};
		C96C51DB138829A300784187 /* Resources */ = {
			isa = PBXGroup;
			children = (
				C95ED8B917D51905007EF4E1 /* Images.xcassets */,
				C98ED40B1395B88E009CF8A1 /* Base.png */,
				C95ED8B317D4F644007EF4E1 /* Base@2x.png */,
				C9A7325E139732F800335D2B /* Icon.png */,
				C95ED8B417D4F644007EF4E1 /* Icon@2x.png */,
				C96C51DC138829A300784187 /* InfoPlist.strings */,
				C96C51DE138829A300784187 /* Sky.jpg */,
				C96C51DF138829A300784187 /* Turbine-Info.plist */,
				C98ED40E1395C38A009CF8A1 /* Turbine.png */,
				C95ED8B517D4F645007EF4E1 /* Turbine@2x.png */,
			);
			path = Resources;
			sourceTree = "<group>";
		};
		C96C51E5138829A800784187 /* Support */ = {
			isa = PBXGroup;
			children = (
				C96C51E6138829A800784187 /* main.m */,
				C96C51E7138829A800784187 /* Turbine-Prefix.pch */,
			);
			path = Support;
			sourceTree = "<group>";
		};
		C9DBB7461846E6BB007C9F31 /* Mic */ = {
			isa = PBXGroup;
			children = (
				C9BF664413A7F9A6005BB89B /* MicMonitor.h */,
				C9BF664513A7F9A6005BB89B /* MicMonitor.m */,
				C9EE43A7139130E900BD0897 /* MicMonitorAU.h */,
				C9EE43A8139130E900BD0897 /* MicMonitorAU.m */,
				C9BF664713A7FC09005BB89B /* MicMonitorAV.h */,
				C9BF664813A7FC09005BB89B /* MicMonitorAV.m */,
			);
			name = Mic;
			sourceTree = "<group>";
		};
/* End PBXGroup section */

/* Begin PBXNativeTarget section */
		C931632D1381DEEA0021FBF6 /* Turbine */ = {
			isa = PBXNativeTarget;
			buildConfigurationList = C931634F1381DEEA0021FBF6 /* Build configuration list for PBXNativeTarget "Turbine" */;
			buildPhases = (
				C931632A1381DEEA0021FBF6 /* Sources */,
				C931632B1381DEEA0021FBF6 /* Frameworks */,
				C931632C1381DEEA0021FBF6 /* Resources */,
			);
			buildRules = (
			);
			dependencies = (
			);
			name = Turbine;
			productName = BALL;
			productReference = C931632E1381DEEA0021FBF6 /* Turbine.app */;
			productType = "com.apple.product-type.application";
		};
/* End PBXNativeTarget section */

/* Begin PBXProject section */
		C93163251381DEEA0021FBF6 /* Project object */ = {
			isa = PBXProject;
			attributes = {
				LastUpgradeCheck = 0410;
				ORGANIZATIONNAME = "Matt Rajca";
			};
			buildConfigurationList = C93163281381DEEA0021FBF6 /* Build configuration list for PBXProject "Turbine" */;
			compatibilityVersion = "Xcode 3.2";
			developmentRegion = English;
			hasScannedForEncodings = 0;
			knownRegions = (
				en,
			);
			mainGroup = C93163231381DEEA0021FBF6;
			productRefGroup = C931632F1381DEEA0021FBF6 /* Products */;
			projectDirPath = "";
			projectRoot = "";
			targets = (
				C931632D1381DEEA0021FBF6 /* Turbine */,
			);
		};
/* End PBXProject section */

/* Begin PBXResourcesBuildPhase section */
		C931632C1381DEEA0021FBF6 /* Resources */ = {
			isa = PBXResourcesBuildPhase;
			buildActionMask = 2147483647;
			files = (
				C95ED8BA17D51905007EF4E1 /* Images.xcassets in Resources */,
				C96C51E1138829A300784187 /* InfoPlist.strings in Resources */,
				C95ED8B617D4F645007EF4E1 /* Base@2x.png in Resources */,
				C95ED8B717D4F645007EF4E1 /* Icon@2x.png in Resources */,
				C96C51E2138829A300784187 /* Sky.jpg in Resources */,
				C95ED8B817D4F645007EF4E1 /* Turbine@2x.png in Resources */,
				C98ED40C1395B88E009CF8A1 /* Base.png in Resources */,
				C98ED40F1395C38A009CF8A1 /* Turbine.png in Resources */,
				C9A7325F139732F800335D2B /* Icon.png in Resources */,
			);
			runOnlyForDeploymentPostprocessing = 0;
		};
/* End PBXResourcesBuildPhase section */

/* Begin PBXSourcesBuildPhase section */
		C931632A1381DEEA0021FBF6 /* Sources */ = {
			isa = PBXSourcesBuildPhase;
			buildActionMask = 2147483647;
			files = (
				C96C51D81388299A00784187 /* TurbineAppDelegate.m in Sources */,
				C96C51D91388299A00784187 /* TurbineScene.m in Sources */,
				C96C51DA1388299A00784187 /* TurbineViewController.m in Sources */,
				C96C51E8138829A800784187 /* main.m in Sources */,
				C9EE43A9139130E900BD0897 /* MicMonitorAU.m in Sources */,
				C9BF664613A7F9A6005BB89B /* MicMonitor.m in Sources */,
				C9BF664913A7FC09005BB89B /* MicMonitorAV.m in Sources */,
			);
			runOnlyForDeploymentPostprocessing = 0;
		};
/* End PBXSourcesBuildPhase section */

/* Begin PBXVariantGroup section */
		C96C51DC138829A300784187 /* InfoPlist.strings */ = {
			isa = PBXVariantGroup;
			children = (
				C96C51DD138829A300784187 /* en */,
			);
			name = InfoPlist.strings;
			sourceTree = "<group>";
		};
/* End PBXVariantGroup section */

/* Begin XCBuildConfiguration section */
		C931634D1381DEEA0021FBF6 /* Debug */ = {
			isa = XCBuildConfiguration;
			buildSettings = {
				ARCHS = "$(ARCHS_STANDARD_INCLUDING_64_BIT)";
				CLANG_ENABLE_OBJC_ARC = YES;
				"CODE_SIGN_IDENTITY[sdk=iphoneos*]" = "iPhone Developer";
				GCC_C_LANGUAGE_STANDARD = gnu99;
				GCC_OPTIMIZATION_LEVEL = 0;
				GCC_PREPROCESSOR_DEFINITIONS = DEBUG;
				GCC_SYMBOLS_PRIVATE_EXTERN = NO;
				GCC_VERSION = "";
				GCC_WARN_ABOUT_MISSING_PROTOTYPES = YES;
				GCC_WARN_ABOUT_RETURN_TYPE = YES;
				GCC_WARN_UNUSED_VARIABLE = YES;
				IPHONEOS_DEPLOYMENT_TARGET = 7.0;
				SDKROOT = iphoneos;
				TARGETED_DEVICE_FAMILY = 2;
			};
			name = Debug;
		};
		C931634E1381DEEA0021FBF6 /* Release */ = {
			isa = XCBuildConfiguration;
			buildSettings = {
				ARCHS = "$(ARCHS_STANDARD_INCLUDING_64_BIT)";
				CLANG_ENABLE_OBJC_ARC = YES;
				"CODE_SIGN_IDENTITY[sdk=iphoneos*]" = "iPhone Developer";
				GCC_C_LANGUAGE_STANDARD = gnu99;
				GCC_VERSION = "";
				GCC_WARN_ABOUT_MISSING_PROTOTYPES = YES;
				GCC_WARN_ABOUT_RETURN_TYPE = YES;
				GCC_WARN_UNUSED_VARIABLE = YES;
				IPHONEOS_DEPLOYMENT_TARGET = 7.0;
				OTHER_CFLAGS = "-DNS_BLOCK_ASSERTIONS=1";
				SDKROOT = iphoneos;
				TARGETED_DEVICE_FAMILY = 2;
			};
			name = Release;
		};
		C93163501381DEEA0021FBF6 /* Debug */ = {
			isa = XCBuildConfiguration;
			buildSettings = {
				ALWAYS_SEARCH_USER_PATHS = NO;
				ASSETCATALOG_COMPILER_APPICON_NAME = AppIcon;
				ASSETCATALOG_COMPILER_LAUNCHIMAGE_NAME = LaunchImage;
				COPY_PHASE_STRIP = NO;
				GCC_DYNAMIC_NO_PIC = NO;
				GCC_PRECOMPILE_PREFIX_HEADER = YES;
				GCC_PREFIX_HEADER = "Support/Turbine-Prefix.pch";
				INFOPLIST_FILE = "Resources/Turbine-Info.plist";
				PRODUCT_NAME = Turbine;
				WRAPPER_EXTENSION = app;
			};
			name = Debug;
		};
		C93163511381DEEA0021FBF6 /* Release */ = {
			isa = XCBuildConfiguration;
			buildSettings = {
				ALWAYS_SEARCH_USER_PATHS = NO;
				ASSETCATALOG_COMPILER_APPICON_NAME = AppIcon;
				ASSETCATALOG_COMPILER_LAUNCHIMAGE_NAME = LaunchImage;
				COPY_PHASE_STRIP = YES;
				GCC_PRECOMPILE_PREFIX_HEADER = YES;
				GCC_PREFIX_HEADER = "Support/Turbine-Prefix.pch";
				INFOPLIST_FILE = "Resources/Turbine-Info.plist";
				PRODUCT_NAME = Turbine;
				VALIDATE_PRODUCT = YES;
				WRAPPER_EXTENSION = app;
			};
			name = Release;
		};
/* End XCBuildConfiguration section */

/* Begin XCConfigurationList section */
		C93163281381DEEA0021FBF6 /* Build configuration list for PBXProject "Turbine" */ = {
			isa = XCConfigurationList;
			buildConfigurations = (
				C931634D1381DEEA0021FBF6 /* Debug */,
				C931634E1381DEEA0021FBF6 /* Release */,
			);
			defaultConfigurationIsVisible = 0;
			defaultConfigurationName = Release;
		};
		C931634F1381DEEA0021FBF6 /* Build configuration list for PBXNativeTarget "Turbine" */ = {
			isa = XCConfigurationList;
			buildConfigurations = (
				C93163501381DEEA0021FBF6 /* Debug */,
				C93163511381DEEA0021FBF6 /* Release */,
			);
			defaultConfigurationIsVisible = 0;
			defaultConfigurationName = Release;
		};
/* End XCConfigurationList section */
	};
	rootObject = C93163251381DEEA0021FBF6 /* Project object */;
}
